
Microsoft Visual Studio Solution File, Format Version 12.00
# Visual Studio 15
Project("{FAE04EC0-301F-11D3-BF4B-00C04F79EFBC}") = "Unity3d Escape", "Unity3d Escape.csproj", "{5FA53BF8-99D7-0D5E-8378-82C6F7C5F8A3}"
EndProject
Project("{FAE04EC0-301F-11D3-BF4B-00C04F79EFBC}") = "Unity3d Escape.Plugins", "Unity3d Escape.Plugins.csproj", "{2B9062ED-4E70-489B-1DE7-7692DB32BB7B}"
EndProject
Project("{FAE04EC0-301F-11D3-BF4B-00C04F79EFBC}") = "Unity3d Escape.Editor", "Unity3d Escape.Editor.csproj", "{2D4AD484-7141-2616-912C-AC6E008EDC1E}"
EndProject
Global
	GlobalSection(SolutionConfigurationPlatforms) = preSolution
		Debug|Any CPU = Debug|Any CPU
		Release|Any CPU = Release|Any CPU
	EndGlobalSection
	GlobalSection(ProjectConfigurationPlatforms) = postSolution
		{5FA53BF8-99D7-0D5E-8378-82C6F7C5F8A3}.Debug|Any CPU.ActiveCfg = Debug|Any CPU
		{5FA53BF8-99D7-0D5E-8378-82C6F7C5F8A3}.Debug|Any CPU.Build.0 = Debug|Any CPU
		{5FA53BF8-99D7-0D5E-8378-82C6F7C5F8A3}.Release|Any CPU.ActiveCfg = Release|Any CPU
		{5FA53BF8-99D7-0D5E-8378-82C6F7C5F8A3}.Release|Any CPU.Build.0 = Release|Any CPU
		{2B9062ED-4E70-489B-1DE7-7692DB32BB7B}.Debug|Any CPU.ActiveCfg = Debug|Any CPU
		{2B9062ED-4E70-489B-1DE7-7692DB32BB7B}.Debug|Any CPU.Build.0 = Debug|Any CPU
		{2B9062ED-4E70-489B-1DE7-7692DB32BB7B}.Release|Any CPU.ActiveCfg = Release|Any CPU
		{2B9062ED-4E70-489B-1DE7-7692DB32BB7B}.Release|Any CPU.Build.0 = Release|Any CPU
		{2D4AD484-7141-2616-912C-AC6E008EDC1E}.Debug|Any CPU.ActiveCfg = Debug|Any CPU
		{2D4AD484-7141-2616-912C-AC6E008EDC1E}.Debug|Any CPU.Build.0 = Debug|Any CPU
		{2D4AD484-7141-2616-912C-AC6E008EDC1E}.Release|Any CPU.ActiveCfg = Release|Any CPU
		{2D4AD484-7141-2616-912C-AC6E008EDC1E}.Release|Any CPU.Build.0 = Release|Any CPU
	EndGlobalSection
	GlobalSection(SolutionProperties) = preSolution
		HideSolutionNode = FALSE
	EndGlobalSection
EndGlobal
